
Microsoft Visual Studio Solution File, Format Version 12.00
# Visual Studio 14
VisualStudioVersion = 14.0.25420.1
MinimumVisualStudioVersion = 10.0.40219.1
Project("{2150E333-8FDC-42A3-9474-1A3956D46DE8}") = "基础设施层", "基础设施层", "{A7F35A4E-BED9-4BC4-AE5E-87FE91BAA481}"
EndProject
Project("{2150E333-8FDC-42A3-9474-1A3956D46DE8}") = "数据库操作层", "数据库操作层", "{43302EA1-C7D9-4124-A69B-0C7DFA879B57}"
EndProject
Project("{2150E333-8FDC-42A3-9474-1A3956D46DE8}") = "应用服务层", "应用服务层", "{346FBB88-4156-48BD-A8FD-C10EADDD321D}"
EndProject
Project("{FAE04EC0-301F-11D3-BF4B-00C04F79EFBC}") = "DYong.Data", "数据库操作层\DYong.Data\DYong.Data.csproj", "{4A60D368-4361-47E3-8920-003953C11E19}"
EndProject
Project("{FAE04EC0-301F-11D3-BF4B-00C04F79EFBC}") = "DYong.Data.Repository", "数据库操作层\DYong.Data.Repository\DYong.Data.Repository.csproj", "{375B6D43-5EF1-41ED-92CE-F2F45E44767A}"
EndProject
Project("{FAE04EC0-301F-11D3-BF4B-00C04F79EFBC}") = "DYong.Code", "基础设施层\DYong.Code\DYong.Code.csproj", "{939E9465-8B03-4706-B368-983F749F9E5E}"
EndProject
Project("{FAE04EC0-301F-11D3-BF4B-00C04F79EFBC}") = "DYong.Data.Contract", "数据库操作层\DYong.Data.Contract\DYong.Data.Contract.csproj", "{E4F8020B-6974-4E0E-A8AD-B56AE97CD83B}"
EndProject
Project("{2150E333-8FDC-42A3-9474-1A3956D46DE8}") = "业务逻辑层", "业务逻辑层", "{2FD03E45-02D3-4A19-BD59-D3B7F9A4277B}"
EndProject
Project("{2150E333-8FDC-42A3-9474-1A3956D46DE8}") = "实体层", "实体层", "{814D25DA-CE32-466E-ABF8-195CF894256D}"
EndProject
Project("{FAE04EC0-301F-11D3-BF4B-00C04F79EFBC}") = "DYong.Entity", "业务逻辑层\实体层\DYong.Entity\DYong.Entity.csproj", "{A0044EDE-801F-428E-B39A-6432BC08D18C}"
EndProject
Project("{FAE04EC0-301F-11D3-BF4B-00C04F79EFBC}") = "DYong.Mapping", "业务逻辑层\实体层\DYong.Mapping\DYong.Mapping.csproj", "{39F575A7-7DB6-4EF3-AD54-3C62D9EF895D}"
EndProject
Project("{FAE04EC0-301F-11D3-BF4B-00C04F79EFBC}") = "DYong.IService", "业务逻辑层\DYong.IService\DYong.IService.csproj", "{8CA6983D-7646-4C26-86D2-E4790BA63A3E}"
EndProject
Project("{FAE04EC0-301F-11D3-BF4B-00C04F79EFBC}") = "DYong.Service", "业务逻辑层\DYong.Service\DYong.Service.csproj", "{16EF8D52-2A48-42EA-8C41-756812B776EE}"
EndProject
Project("{FAE04EC0-301F-11D3-BF4B-00C04F79EFBC}") = "DYong.Business", "业务逻辑层\DYong.Business\DYong.Business.csproj", "{2589B402-72D6-4AA6-8FB7-4FCEE2D14338}"
EndProject
Project("{FAE04EC0-301F-11D3-BF4B-00C04F79EFBC}") = "DYong.WebApi", "应用服务层\DYong.WebApi\DYong.WebApi.csproj", "{0257F757-F3FE-4201-B673-D6112AE6F4B8}"
EndProject
Project("{FAE04EC0-301F-11D3-BF4B-00C04F79EFBC}") = "DYong.Web", "应用服务层\DYong.Web\DYong.Web.csproj", "{68D704ED-AD3B-48D5-91FE-CFFE65389CB9}"
EndProject
Global
	GlobalSection(SolutionConfigurationPlatforms) = preSolution
		Debug|Any CPU = Debug|Any CPU
		Release|Any CPU = Release|Any CPU
	EndGlobalSection
	GlobalSection(ProjectConfigurationPlatforms) = postSolution
		{4A60D368-4361-47E3-8920-003953C11E19}.Debug|Any CPU.ActiveCfg = Debug|Any CPU
		{4A60D368-4361-47E3-8920-003953C11E19}.Debug|Any CPU.Build.0 = Debug|Any CPU
		{4A60D368-4361-47E3-8920-003953C11E19}.Release|Any CPU.ActiveCfg = Release|Any CPU
		{4A60D368-4361-47E3-8920-003953C11E19}.Release|Any CPU.Build.0 = Release|Any CPU
		{375B6D43-5EF1-41ED-92CE-F2F45E44767A}.Debug|Any CPU.ActiveCfg = Debug|Any CPU
		{375B6D43-5EF1-41ED-92CE-F2F45E44767A}.Debug|Any CPU.Build.0 = Debug|Any CPU
		{375B6D43-5EF1-41ED-92CE-F2F45E44767A}.Release|Any CPU.ActiveCfg = Release|Any CPU
		{375B6D43-5EF1-41ED-92CE-F2F45E44767A}.Release|Any CPU.Build.0 = Release|Any CPU
		{939E9465-8B03-4706-B368-983F749F9E5E}.Debug|Any CPU.ActiveCfg = Debug|Any CPU
		{939E9465-8B03-4706-B368-983F749F9E5E}.Debug|Any CPU.Build.0 = Debug|Any CPU
		{939E9465-8B03-4706-B368-983F749F9E5E}.Release|Any CPU.ActiveCfg = Release|Any CPU
		{939E9465-8B03-4706-B368-983F749F9E5E}.Release|Any CPU.Build.0 = Release|Any CPU
		{E4F8020B-6974-4E0E-A8AD-B56AE97CD83B}.Debug|Any CPU.ActiveCfg = Debug|Any CPU
		{E4F8020B-6974-4E0E-A8AD-B56AE97CD83B}.Debug|Any CPU.Build.0 = Debug|Any CPU
		{E4F8020B-6974-4E0E-A8AD-B56AE97CD83B}.Release|Any CPU.ActiveCfg = Release|Any CPU
		{E4F8020B-6974-4E0E-A8AD-B56AE97CD83B}.Release|Any CPU.Build.0 = Release|Any CPU
		{A0044EDE-801F-428E-B39A-6432BC08D18C}.Debug|Any CPU.ActiveCfg = Debug|Any CPU
		{A0044EDE-801F-428E-B39A-6432BC08D18C}.Debug|Any CPU.Build.0 = Debug|Any CPU
		{A0044EDE-801F-428E-B39A-6432BC08D18C}.Release|Any CPU.ActiveCfg = Release|Any CPU
		{A0044EDE-801F-428E-B39A-6432BC08D18C}.Release|Any CPU.Build.0 = Release|Any CPU
		{39F575A7-7DB6-4EF3-AD54-3C62D9EF895D}.Debug|Any CPU.ActiveCfg = Debug|Any CPU
		{39F575A7-7DB6-4EF3-AD54-3C62D9EF895D}.Debug|Any CPU.Build.0 = Debug|Any CPU
		{39F575A7-7DB6-4EF3-AD54-3C62D9EF895D}.Release|Any CPU.ActiveCfg = Release|Any CPU
		{39F575A7-7DB6-4EF3-AD54-3C62D9EF895D}.Release|Any CPU.Build.0 = Release|Any CPU
		{8CA6983D-7646-4C26-86D2-E4790BA63A3E}.Debug|Any CPU.ActiveCfg = Debug|Any CPU
		{8CA6983D-7646-4C26-86D2-E4790BA63A3E}.Debug|Any CPU.Build.0 = Debug|Any CPU
		{8CA6983D-7646-4C26-86D2-E4790BA63A3E}.Release|Any CPU.ActiveCfg = Release|Any CPU
		{8CA6983D-7646-4C26-86D2-E4790BA63A3E}.Release|Any CPU.Build.0 = Release|Any CPU
		{16EF8D52-2A48-42EA-8C41-756812B776EE}.Debug|Any CPU.ActiveCfg = Debug|Any CPU
		{16EF8D52-2A48-42EA-8C41-756812B776EE}.Debug|Any CPU.Build.0 = Debug|Any CPU
		{16EF8D52-2A48-42EA-8C41-756812B776EE}.Release|Any CPU.ActiveCfg = Release|Any CPU
		{16EF8D52-2A48-42EA-8C41-756812B776EE}.Release|Any CPU.Build.0 = Release|Any CPU
		{2589B402-72D6-4AA6-8FB7-4FCEE2D14338}.Debug|Any CPU.ActiveCfg = Debug|Any CPU
		{2589B402-72D6-4AA6-8FB7-4FCEE2D14338}.Debug|Any CPU.Build.0 = Debug|Any CPU
		{2589B402-72D6-4AA6-8FB7-4FCEE2D14338}.Release|Any CPU.ActiveCfg = Release|Any CPU
		{2589B402-72D6-4AA6-8FB7-4FCEE2D14338}.Release|Any CPU.Build.0 = Release|Any CPU
		{0257F757-F3FE-4201-B673-D6112AE6F4B8}.Debug|Any CPU.ActiveCfg = Debug|Any CPU
		{0257F757-F3FE-4201-B673-D6112AE6F4B8}.Debug|Any CPU.Build.0 = Debug|Any CPU
		{0257F757-F3FE-4201-B673-D6112AE6F4B8}.Release|Any CPU.ActiveCfg = Release|Any CPU
		{0257F757-F3FE-4201-B673-D6112AE6F4B8}.Release|Any CPU.Build.0 = Release|Any CPU
		{68D704ED-AD3B-48D5-91FE-CFFE65389CB9}.Debug|Any CPU.ActiveCfg = Debug|Any CPU
		{68D704ED-AD3B-48D5-91FE-CFFE65389CB9}.Debug|Any CPU.Build.0 = Debug|Any CPU
		{68D704ED-AD3B-48D5-91FE-CFFE65389CB9}.Release|Any CPU.ActiveCfg = Release|Any CPU
		{68D704ED-AD3B-48D5-91FE-CFFE65389CB9}.Release|Any CPU.Build.0 = Release|Any CPU
	EndGlobalSection
	GlobalSection(SolutionProperties) = preSolution
		HideSolutionNode = FALSE
	EndGlobalSection
	GlobalSection(NestedProjects) = preSolution
		{4A60D368-4361-47E3-8920-003953C11E19} = {43302EA1-C7D9-4124-A69B-0C7DFA879B57}
		{375B6D43-5EF1-41ED-92CE-F2F45E44767A} = {43302EA1-C7D9-4124-A69B-0C7DFA879B57}
		{939E9465-8B03-4706-B368-983F749F9E5E} = {A7F35A4E-BED9-4BC4-AE5E-87FE91BAA481}
		{E4F8020B-6974-4E0E-A8AD-B56AE97CD83B} = {43302EA1-C7D9-4124-A69B-0C7DFA879B57}
		{814D25DA-CE32-466E-ABF8-195CF894256D} = {2FD03E45-02D3-4A19-BD59-D3B7F9A4277B}
		{A0044EDE-801F-428E-B39A-6432BC08D18C} = {814D25DA-CE32-466E-ABF8-195CF894256D}
		{39F575A7-7DB6-4EF3-AD54-3C62D9EF895D} = {814D25DA-CE32-466E-ABF8-195CF894256D}
		{8CA6983D-7646-4C26-86D2-E4790BA63A3E} = {2FD03E45-02D3-4A19-BD59-D3B7F9A4277B}
		{16EF8D52-2A48-42EA-8C41-756812B776EE} = {2FD03E45-02D3-4A19-BD59-D3B7F9A4277B}
		{2589B402-72D6-4AA6-8FB7-4FCEE2D14338} = {2FD03E45-02D3-4A19-BD59-D3B7F9A4277B}
		{0257F757-F3FE-4201-B673-D6112AE6F4B8} = {346FBB88-4156-48BD-A8FD-C10EADDD321D}
		{68D704ED-AD3B-48D5-91FE-CFFE65389CB9} = {346FBB88-4156-48BD-A8FD-C10EADDD321D}
	EndGlobalSection
EndGlobal
